
Microsoft Visual Studio Solution File, Format Version 12.00
# Visual Studio Version 16
VisualStudioVersion = 16.0.30907.101
MinimumVisualStudioVersion = 10.0.40219.1
Project("{FAE04EC0-301F-11D3-BF4B-00C04F79EFBC}") = "EasyTravelRolling", "EasyTravelRolling\EasyTravelRolling.csproj", "{87B2B8F1-1418-4564-88E9-893BF4362C70}"
EndProject
Global
	GlobalSection(SolutionConfigurationPlatforms) = preSolution
		Debug|Any CPU = Debug|Any CPU
		Release|Any CPU = Release|Any CPU
	EndGlobalSection
	GlobalSection(ProjectConfigurationPlatforms) = postSolution
		{87B2B8F1-1418-4564-88E9-893BF4362C70}.Debug|Any CPU.ActiveCfg = Debug|Any CPU
		{87B2B8F1-1418-4564-88E9-893BF4362C70}.Debug|Any CPU.Build.0 = Debug|Any CPU
		{87B2B8F1-1418-4564-88E9-893BF4362C70}.Release|Any CPU.ActiveCfg = Release|Any CPU
		{87B2B8F1-1418-4564-88E9-893BF4362C70}.Release|Any CPU.Build.0 = Release|Any CPU
	EndGlobalSection
	GlobalSection(SolutionProperties) = preSolution
		HideSolutionNode = FALSE
	EndGlobalSection
	GlobalSection(ExtensibilityGlobals) = postSolution
		SolutionGuid = {11B7B2BF-583A-406E-BAB4-DA6E0B209EFA}
	EndGlobalSection
EndGlobal
